
Microsoft Visual Studio Solution File, Format Version 12.00
# Visual Studio Version 16
VisualStudioVersion = 16.0.29009.5
MinimumVisualStudioVersion = 10.0.40219.1
Project("{FAE04EC0-301F-11D3-BF4B-00C04F79EFBC}") = "Exercise_1", "Exercise_1\Exercise_1.csproj", "{C6A1DBE9-822D-4332-918C-AB254C03BE84}"
EndProject
Project("{FAE04EC0-301F-11D3-BF4B-00C04F79EFBC}") = "Exercise_2", "Exercise_2\Exercise_2.csproj", "{411B1799-00CD-4801-80FF-15182B02FB03}"
EndProject
Project("{FAE04EC0-301F-11D3-BF4B-00C04F79EFBC}") = "Exercise_3", "Exercise_3\Exercise_3.csproj", "{9FA8CC12-8459-430E-B9AF-37C16ED2AF24}"
EndProject
Project("{FAE04EC0-301F-11D3-BF4B-00C04F79EFBC}") = "Exercise_4", "Exercise_4\Exercise_4.csproj", "{3C60B5CA-9EDB-4688-93CA-9A9134B577CF}"
EndProject
Global
	GlobalSection(SolutionConfigurationPlatforms) = preSolution
		Debug|Any CPU = Debug|Any CPU
		Release|Any CPU = Release|Any CPU
	EndGlobalSection
	GlobalSection(ProjectConfigurationPlatforms) = postSolution
		{C6A1DBE9-822D-4332-918C-AB254C03BE84}.Debug|Any CPU.ActiveCfg = Debug|Any CPU
		{C6A1DBE9-822D-4332-918C-AB254C03BE84}.Debug|Any CPU.Build.0 = Debug|Any CPU
		{C6A1DBE9-822D-4332-918C-AB254C03BE84}.Release|Any CPU.ActiveCfg = Release|Any CPU
		{C6A1DBE9-822D-4332-918C-AB254C03BE84}.Release|Any CPU.Build.0 = Release|Any CPU
		{411B1799-00CD-4801-80FF-15182B02FB03}.Debug|Any CPU.ActiveCfg = Debug|Any CPU
		{411B1799-00CD-4801-80FF-15182B02FB03}.Debug|Any CPU.Build.0 = Debug|Any CPU
		{411B1799-00CD-4801-80FF-15182B02FB03}.Release|Any CPU.ActiveCfg = Release|Any CPU
		{411B1799-00CD-4801-80FF-15182B02FB03}.Release|Any CPU.Build.0 = Release|Any CPU
		{9FA8CC12-8459-430E-B9AF-37C16ED2AF24}.Debug|Any CPU.ActiveCfg = Debug|Any CPU
		{9FA8CC12-8459-430E-B9AF-37C16ED2AF24}.Debug|Any CPU.Build.0 = Debug|Any CPU
		{9FA8CC12-8459-430E-B9AF-37C16ED2AF24}.Release|Any CPU.ActiveCfg = Release|Any CPU
		{9FA8CC12-8459-430E-B9AF-37C16ED2AF24}.Release|Any CPU.Build.0 = Release|Any CPU
		{3C60B5CA-9EDB-4688-93CA-9A9134B577CF}.Debug|Any CPU.ActiveCfg = Debug|Any CPU
		{3C60B5CA-9EDB-4688-93CA-9A9134B577CF}.Debug|Any CPU.Build.0 = Debug|Any CPU
		{3C60B5CA-9EDB-4688-93CA-9A9134B577CF}.Release|Any CPU.ActiveCfg = Release|Any CPU
		{3C60B5CA-9EDB-4688-93CA-9A9134B577CF}.Release|Any CPU.Build.0 = Release|Any CPU
	EndGlobalSection
	GlobalSection(SolutionProperties) = preSolution
		HideSolutionNode = FALSE
	EndGlobalSection
	GlobalSection(ExtensibilityGlobals) = postSolution
		SolutionGuid = {F23DFECF-A969-45C7-9ED1-39D09C1CB8F2}
	EndGlobalSection
EndGlobal
