
Microsoft Visual Studio Solution File, Format Version 12.00
# Visual Studio Version 16
VisualStudioVersion = 25.0.1703.0
MinimumVisualStudioVersion = 10.0.40219.1
Project("{FAE04EC0-301F-11D3-BF4B-00C04F79EFBC}") = "Exercise_1", "Exercise_1\Exercise_1.csproj", "{02969A57-F7E9-4ED2-9510-A9F553346F77}"
EndProject
Project("{FAE04EC0-301F-11D3-BF4B-00C04F79EFBC}") = "ListExercise_1", "ListExercise_1\ListExercise_1.csproj", "{03E93356-9341-47E7-853A-52656E2AC942}"
EndProject
Project("{FAE04EC0-301F-11D3-BF4B-00C04F79EFBC}") = "ListExercise_2", "ListExercise_2\ListExercise_2.csproj", "{3CB1F8BC-F732-4A99-BBD8-9D38D14DDE58}"
EndProject
Project("{FAE04EC0-301F-11D3-BF4B-00C04F79EFBC}") = "ListExercise_3", "ListExercise_3\ListExercise_3.csproj", "{38A0C0F2-747B-4DB6-BF02-CD6B1E5CAFDE}"
EndProject
Project("{FAE04EC0-301F-11D3-BF4B-00C04F79EFBC}") = "ListExercise_6", "ListExercise_6\ListExercise_6.csproj", "{CCBE9E44-F8F7-447F-8286-109912C36CB0}"
EndProject
Project("{FAE04EC0-301F-11D3-BF4B-00C04F79EFBC}") = "ListExercise_7", "ListExercise_7\ListExercise_7.csproj", "{39BAE8CC-87FC-4616-836F-F91BD7E0FC08}"
EndProject
Project("{FAE04EC0-301F-11D3-BF4B-00C04F79EFBC}") = "ListExercise_9", "ListExercise_9\ListExercise_9.csproj", "{40E75F98-4609-4690-A4EB-3E453231746E}"
EndProject
Project("{FAE04EC0-301F-11D3-BF4B-00C04F79EFBC}") = "ListExercise_10", "ListExercise_10\ListExercise_10.csproj", "{D2D32D27-C660-41F3-B9B0-B95628DD68FC}"
EndProject
Project("{FAE04EC0-301F-11D3-BF4B-00C04F79EFBC}") = "ListExercise_11", "ListExercise_11\ListExercise_11.csproj", "{3B15CF5A-BD0B-42F8-AAC8-3F98727DFBBC}"
EndProject
Project("{FAE04EC0-301F-11D3-BF4B-00C04F79EFBC}") = "DayNames", "DayNames\DayNames.csproj", "{41A505F0-84BB-4A18-A9B8-47D4854B35EB}"
EndProject
Project("{FAE04EC0-301F-11D3-BF4B-00C04F79EFBC}") = "DecryptNumbers", "DecryptNumbers\DecryptNumbers.csproj", "{F5D325FE-9513-4C23-9A8C-B000559E9949}"
EndProject
Project("{FAE04EC0-301F-11D3-BF4B-00C04F79EFBC}") = "NumbersFromRange", "NumbersFromRange\NumbersFromRange.csproj", "{3F7EC0CC-4829-428F-BE88-BBC3B9B04BE3}"
EndProject
Project("{FAE04EC0-301F-11D3-BF4B-00C04F79EFBC}") = "ReplaceSubstring", "ReplaceSubstring\ReplaceSubstring.csproj", "{94103046-A31C-47F3-BC31-5759B1BA125E}"
EndProject
Project("{FAE04EC0-301F-11D3-BF4B-00C04F79EFBC}") = "UniqueValues", "UniqueValues\UniqueValues.csproj", "{14A94B70-B82E-476C-A439-9BC0F78283E0}"
EndProject
Project("{FAE04EC0-301F-11D3-BF4B-00C04F79EFBC}") = "Exercise_4", "Exercise_4\Exercise_4.csproj", "{3572E211-170E-4B67-AB74-16F5DE837885}"
EndProject
Project("{FAE04EC0-301F-11D3-BF4B-00C04F79EFBC}") = "Exercise_5", "Exercise_5\Exercise_5.csproj", "{7B1DA93E-EFDC-41A8-A916-41DA8EEA86D5}"
EndProject
Project("{FAE04EC0-301F-11D3-BF4B-00C04F79EFBC}") = "WordCount", "WordCount\WordCount.csproj", "{C1729189-D6F6-4720-9CDD-B8BF0CD9895B}"
EndProject
Project("{2150E333-8FDC-42A3-9474-1A3956D46DE8}") = "Solution Items", "Solution Items", "{58CD92E3-EE99-41E4-BDB0-6667F42E50CF}"
EndProject
Project("{FAE04EC0-301F-11D3-BF4B-00C04F79EFBC}") = "FlightPlanner", "FlightPlanner\FlightPlanner.csproj", "{AF2C7604-1E8F-41A2-99C3-91B0285E259D}"
EndProject
Global
	GlobalSection(SolutionConfigurationPlatforms) = preSolution
		Debug|Any CPU = Debug|Any CPU
		Release|Any CPU = Release|Any CPU
	EndGlobalSection
	GlobalSection(ProjectConfigurationPlatforms) = postSolution
		{02969A57-F7E9-4ED2-9510-A9F553346F77}.Debug|Any CPU.ActiveCfg = Debug|Any CPU
		{02969A57-F7E9-4ED2-9510-A9F553346F77}.Debug|Any CPU.Build.0 = Debug|Any CPU
		{02969A57-F7E9-4ED2-9510-A9F553346F77}.Release|Any CPU.ActiveCfg = Release|Any CPU
		{02969A57-F7E9-4ED2-9510-A9F553346F77}.Release|Any CPU.Build.0 = Release|Any CPU
		{03E93356-9341-47E7-853A-52656E2AC942}.Debug|Any CPU.ActiveCfg = Debug|Any CPU
		{03E93356-9341-47E7-853A-52656E2AC942}.Debug|Any CPU.Build.0 = Debug|Any CPU
		{03E93356-9341-47E7-853A-52656E2AC942}.Release|Any CPU.ActiveCfg = Release|Any CPU
		{03E93356-9341-47E7-853A-52656E2AC942}.Release|Any CPU.Build.0 = Release|Any CPU
		{3CB1F8BC-F732-4A99-BBD8-9D38D14DDE58}.Debug|Any CPU.ActiveCfg = Debug|Any CPU
		{3CB1F8BC-F732-4A99-BBD8-9D38D14DDE58}.Debug|Any CPU.Build.0 = Debug|Any CPU
		{3CB1F8BC-F732-4A99-BBD8-9D38D14DDE58}.Release|Any CPU.ActiveCfg = Release|Any CPU
		{3CB1F8BC-F732-4A99-BBD8-9D38D14DDE58}.Release|Any CPU.Build.0 = Release|Any CPU
		{38A0C0F2-747B-4DB6-BF02-CD6B1E5CAFDE}.Debug|Any CPU.ActiveCfg = Debug|Any CPU
		{38A0C0F2-747B-4DB6-BF02-CD6B1E5CAFDE}.Debug|Any CPU.Build.0 = Debug|Any CPU
		{38A0C0F2-747B-4DB6-BF02-CD6B1E5CAFDE}.Release|Any CPU.ActiveCfg = Release|Any CPU
		{38A0C0F2-747B-4DB6-BF02-CD6B1E5CAFDE}.Release|Any CPU.Build.0 = Release|Any CPU
		{CCBE9E44-F8F7-447F-8286-109912C36CB0}.Debug|Any CPU.ActiveCfg = Debug|Any CPU
		{CCBE9E44-F8F7-447F-8286-109912C36CB0}.Debug|Any CPU.Build.0 = Debug|Any CPU
		{CCBE9E44-F8F7-447F-8286-109912C36CB0}.Release|Any CPU.ActiveCfg = Release|Any CPU
		{CCBE9E44-F8F7-447F-8286-109912C36CB0}.Release|Any CPU.Build.0 = Release|Any CPU
		{39BAE8CC-87FC-4616-836F-F91BD7E0FC08}.Debug|Any CPU.ActiveCfg = Debug|Any CPU
		{39BAE8CC-87FC-4616-836F-F91BD7E0FC08}.Debug|Any CPU.Build.0 = Debug|Any CPU
		{39BAE8CC-87FC-4616-836F-F91BD7E0FC08}.Release|Any CPU.ActiveCfg = Release|Any CPU
		{39BAE8CC-87FC-4616-836F-F91BD7E0FC08}.Release|Any CPU.Build.0 = Release|Any CPU
		{40E75F98-4609-4690-A4EB-3E453231746E}.Debug|Any CPU.ActiveCfg = Debug|Any CPU
		{40E75F98-4609-4690-A4EB-3E453231746E}.Debug|Any CPU.Build.0 = Debug|Any CPU
		{40E75F98-4609-4690-A4EB-3E453231746E}.Release|Any CPU.ActiveCfg = Release|Any CPU
		{40E75F98-4609-4690-A4EB-3E453231746E}.Release|Any CPU.Build.0 = Release|Any CPU
		{D2D32D27-C660-41F3-B9B0-B95628DD68FC}.Debug|Any CPU.ActiveCfg = Debug|Any CPU
		{D2D32D27-C660-41F3-B9B0-B95628DD68FC}.Debug|Any CPU.Build.0 = Debug|Any CPU
		{D2D32D27-C660-41F3-B9B0-B95628DD68FC}.Release|Any CPU.ActiveCfg = Release|Any CPU
		{D2D32D27-C660-41F3-B9B0-B95628DD68FC}.Release|Any CPU.Build.0 = Release|Any CPU
		{3B15CF5A-BD0B-42F8-AAC8-3F98727DFBBC}.Debug|Any CPU.ActiveCfg = Debug|Any CPU
		{3B15CF5A-BD0B-42F8-AAC8-3F98727DFBBC}.Debug|Any CPU.Build.0 = Debug|Any CPU
		{3B15CF5A-BD0B-42F8-AAC8-3F98727DFBBC}.Release|Any CPU.ActiveCfg = Release|Any CPU
		{3B15CF5A-BD0B-42F8-AAC8-3F98727DFBBC}.Release|Any CPU.Build.0 = Release|Any CPU
		{41A505F0-84BB-4A18-A9B8-47D4854B35EB}.Debug|Any CPU.ActiveCfg = Debug|Any CPU
		{41A505F0-84BB-4A18-A9B8-47D4854B35EB}.Debug|Any CPU.Build.0 = Debug|Any CPU
		{41A505F0-84BB-4A18-A9B8-47D4854B35EB}.Release|Any CPU.ActiveCfg = Release|Any CPU
		{41A505F0-84BB-4A18-A9B8-47D4854B35EB}.Release|Any CPU.Build.0 = Release|Any CPU
		{F5D325FE-9513-4C23-9A8C-B000559E9949}.Debug|Any CPU.ActiveCfg = Debug|Any CPU
		{F5D325FE-9513-4C23-9A8C-B000559E9949}.Debug|Any CPU.Build.0 = Debug|Any CPU
		{F5D325FE-9513-4C23-9A8C-B000559E9949}.Release|Any CPU.ActiveCfg = Release|Any CPU
		{F5D325FE-9513-4C23-9A8C-B000559E9949}.Release|Any CPU.Build.0 = Release|Any CPU
		{3F7EC0CC-4829-428F-BE88-BBC3B9B04BE3}.Debug|Any CPU.ActiveCfg = Debug|Any CPU
		{3F7EC0CC-4829-428F-BE88-BBC3B9B04BE3}.Debug|Any CPU.Build.0 = Debug|Any CPU
		{3F7EC0CC-4829-428F-BE88-BBC3B9B04BE3}.Release|Any CPU.ActiveCfg = Release|Any CPU
		{3F7EC0CC-4829-428F-BE88-BBC3B9B04BE3}.Release|Any CPU.Build.0 = Release|Any CPU
		{94103046-A31C-47F3-BC31-5759B1BA125E}.Debug|Any CPU.ActiveCfg = Debug|Any CPU
		{94103046-A31C-47F3-BC31-5759B1BA125E}.Debug|Any CPU.Build.0 = Debug|Any CPU
		{94103046-A31C-47F3-BC31-5759B1BA125E}.Release|Any CPU.ActiveCfg = Release|Any CPU
		{94103046-A31C-47F3-BC31-5759B1BA125E}.Release|Any CPU.Build.0 = Release|Any CPU
		{14A94B70-B82E-476C-A439-9BC0F78283E0}.Debug|Any CPU.ActiveCfg = Debug|Any CPU
		{14A94B70-B82E-476C-A439-9BC0F78283E0}.Debug|Any CPU.Build.0 = Debug|Any CPU
		{14A94B70-B82E-476C-A439-9BC0F78283E0}.Release|Any CPU.ActiveCfg = Release|Any CPU
		{14A94B70-B82E-476C-A439-9BC0F78283E0}.Release|Any CPU.Build.0 = Release|Any CPU
		{3572E211-170E-4B67-AB74-16F5DE837885}.Debug|Any CPU.ActiveCfg = Debug|Any CPU
		{3572E211-170E-4B67-AB74-16F5DE837885}.Debug|Any CPU.Build.0 = Debug|Any CPU
		{3572E211-170E-4B67-AB74-16F5DE837885}.Release|Any CPU.ActiveCfg = Release|Any CPU
		{3572E211-170E-4B67-AB74-16F5DE837885}.Release|Any CPU.Build.0 = Release|Any CPU
		{7B1DA93E-EFDC-41A8-A916-41DA8EEA86D5}.Debug|Any CPU.ActiveCfg = Debug|Any CPU
		{7B1DA93E-EFDC-41A8-A916-41DA8EEA86D5}.Debug|Any CPU.Build.0 = Debug|Any CPU
		{7B1DA93E-EFDC-41A8-A916-41DA8EEA86D5}.Release|Any CPU.ActiveCfg = Release|Any CPU
		{7B1DA93E-EFDC-41A8-A916-41DA8EEA86D5}.Release|Any CPU.Build.0 = Release|Any CPU
		{C1729189-D6F6-4720-9CDD-B8BF0CD9895B}.Debug|Any CPU.ActiveCfg = Debug|Any CPU
		{C1729189-D6F6-4720-9CDD-B8BF0CD9895B}.Debug|Any CPU.Build.0 = Debug|Any CPU
		{C1729189-D6F6-4720-9CDD-B8BF0CD9895B}.Release|Any CPU.ActiveCfg = Release|Any CPU
		{C1729189-D6F6-4720-9CDD-B8BF0CD9895B}.Release|Any CPU.Build.0 = Release|Any CPU
		{AF2C7604-1E8F-41A2-99C3-91B0285E259D}.Debug|Any CPU.ActiveCfg = Debug|Any CPU
		{AF2C7604-1E8F-41A2-99C3-91B0285E259D}.Debug|Any CPU.Build.0 = Debug|Any CPU
		{AF2C7604-1E8F-41A2-99C3-91B0285E259D}.Release|Any CPU.ActiveCfg = Release|Any CPU
		{AF2C7604-1E8F-41A2-99C3-91B0285E259D}.Release|Any CPU.Build.0 = Release|Any CPU
	EndGlobalSection
	GlobalSection(SolutionProperties) = preSolution
		HideSolutionNode = FALSE
	EndGlobalSection
	GlobalSection(ExtensibilityGlobals) = postSolution
		SolutionGuid = {E5EC7FA5-C5EB-43EA-8AFE-F3B68048B91F}
	EndGlobalSection
EndGlobal
