
Microsoft Visual Studio Solution File, Format Version 12.00
# Visual Studio Version 17
VisualStudioVersion = 17.0.31903.59
MinimumVisualStudioVersion = 10.0.40219.1
Project("{FAE04EC0-301F-11D3-BF4B-00C04F79EFBC}") = "DragRace", "DragRace\DragRace.csproj", "{031BC6CA-F701-43CE-BE8B-49324B6ABA1B}"
EndProject
Project("{FAE04EC0-301F-11D3-BF4B-00C04F79EFBC}") = "MakeSounds", "MakeSounds\MakeSounds.csproj", "{6797E2B1-53FE-4747-8150-C89C299C4815}"
EndProject
Project("{FAE04EC0-301F-11D3-BF4B-00C04F79EFBC}") = "Persons", "Persons\Persons.csproj", "{DFBBEEA4-2B6A-468C-80AC-3D777CC11A81}"
EndProject
Project("{FAE04EC0-301F-11D3-BF4B-00C04F79EFBC}") = "Firm", "Firm\Firm.csproj", "{D62544FA-F6D8-4A2C-87B5-7C20855457FB}"
EndProject
Project("{FAE04EC0-301F-11D3-BF4B-00C04F79EFBC}") = "AdApp", "AdApp\AdApp.csproj", "{F1920185-8F1B-4DD0-931C-98904B516B84}"
EndProject
Project("{FAE04EC0-301F-11D3-BF4B-00C04F79EFBC}") = "Hierarchy", "Hierarchy\Hierarchy.csproj", "{4AE77F4D-DB98-4A05-AF44-27318A7E3BA4}"
EndProject
Project("{FAE04EC0-301F-11D3-BF4B-00C04F79EFBC}") = "VendingMachine", "VendingMachine\VendingMachine.csproj", "{DE826B99-1674-4540-A6BB-4FCC65CF912E}"
EndProject
Global
	GlobalSection(SolutionConfigurationPlatforms) = preSolution
		Debug|Any CPU = Debug|Any CPU
		Release|Any CPU = Release|Any CPU
	EndGlobalSection
	GlobalSection(ProjectConfigurationPlatforms) = postSolution
		{031BC6CA-F701-43CE-BE8B-49324B6ABA1B}.Debug|Any CPU.ActiveCfg = Debug|Any CPU
		{031BC6CA-F701-43CE-BE8B-49324B6ABA1B}.Debug|Any CPU.Build.0 = Debug|Any CPU
		{031BC6CA-F701-43CE-BE8B-49324B6ABA1B}.Release|Any CPU.ActiveCfg = Release|Any CPU
		{031BC6CA-F701-43CE-BE8B-49324B6ABA1B}.Release|Any CPU.Build.0 = Release|Any CPU
		{6797E2B1-53FE-4747-8150-C89C299C4815}.Debug|Any CPU.ActiveCfg = Debug|Any CPU
		{6797E2B1-53FE-4747-8150-C89C299C4815}.Debug|Any CPU.Build.0 = Debug|Any CPU
		{6797E2B1-53FE-4747-8150-C89C299C4815}.Release|Any CPU.ActiveCfg = Release|Any CPU
		{6797E2B1-53FE-4747-8150-C89C299C4815}.Release|Any CPU.Build.0 = Release|Any CPU
		{DFBBEEA4-2B6A-468C-80AC-3D777CC11A81}.Debug|Any CPU.ActiveCfg = Debug|Any CPU
		{DFBBEEA4-2B6A-468C-80AC-3D777CC11A81}.Debug|Any CPU.Build.0 = Debug|Any CPU
		{DFBBEEA4-2B6A-468C-80AC-3D777CC11A81}.Release|Any CPU.ActiveCfg = Release|Any CPU
		{DFBBEEA4-2B6A-468C-80AC-3D777CC11A81}.Release|Any CPU.Build.0 = Release|Any CPU
		{D62544FA-F6D8-4A2C-87B5-7C20855457FB}.Debug|Any CPU.ActiveCfg = Debug|Any CPU
		{D62544FA-F6D8-4A2C-87B5-7C20855457FB}.Debug|Any CPU.Build.0 = Debug|Any CPU
		{D62544FA-F6D8-4A2C-87B5-7C20855457FB}.Release|Any CPU.ActiveCfg = Release|Any CPU
		{D62544FA-F6D8-4A2C-87B5-7C20855457FB}.Release|Any CPU.Build.0 = Release|Any CPU
		{F1920185-8F1B-4DD0-931C-98904B516B84}.Debug|Any CPU.ActiveCfg = Debug|Any CPU
		{F1920185-8F1B-4DD0-931C-98904B516B84}.Debug|Any CPU.Build.0 = Debug|Any CPU
		{F1920185-8F1B-4DD0-931C-98904B516B84}.Release|Any CPU.ActiveCfg = Release|Any CPU
		{F1920185-8F1B-4DD0-931C-98904B516B84}.Release|Any CPU.Build.0 = Release|Any CPU
		{4AE77F4D-DB98-4A05-AF44-27318A7E3BA4}.Debug|Any CPU.ActiveCfg = Debug|Any CPU
		{4AE77F4D-DB98-4A05-AF44-27318A7E3BA4}.Debug|Any CPU.Build.0 = Debug|Any CPU
		{4AE77F4D-DB98-4A05-AF44-27318A7E3BA4}.Release|Any CPU.ActiveCfg = Release|Any CPU
		{4AE77F4D-DB98-4A05-AF44-27318A7E3BA4}.Release|Any CPU.Build.0 = Release|Any CPU
		{DE826B99-1674-4540-A6BB-4FCC65CF912E}.Debug|Any CPU.ActiveCfg = Debug|Any CPU
		{DE826B99-1674-4540-A6BB-4FCC65CF912E}.Debug|Any CPU.Build.0 = Debug|Any CPU
		{DE826B99-1674-4540-A6BB-4FCC65CF912E}.Release|Any CPU.ActiveCfg = Release|Any CPU
		{DE826B99-1674-4540-A6BB-4FCC65CF912E}.Release|Any CPU.Build.0 = Release|Any CPU
	EndGlobalSection
	GlobalSection(SolutionProperties) = preSolution
		HideSolutionNode = FALSE
	EndGlobalSection
	GlobalSection(ExtensibilityGlobals) = postSolution
		SolutionGuid = {7B8070EA-8C24-4159-ADF0-A37C658F430E}
	EndGlobalSection
EndGlobal
