
Microsoft Visual Studio Solution File, Format Version 12.00
# Visual Studio Version 16
VisualStudioVersion = 25.0.1700.7
MinimumVisualStudioVersion = 10.0.40219.1
Project("{FAE04EC0-301F-11D3-BF4B-00C04F79EFBC}") = "LargestNumber", "LargestNumber\LargestNumber.csproj", "{5548BA7F-4E51-4FE9-8349-4A2D9964AF53}"
EndProject
Project("{FAE04EC0-301F-11D3-BF4B-00C04F79EFBC}") = "PositiveNegativeNumber", "PositiveNegativeNumber\PositiveNegativeNumber.csproj", "{5A28CBBC-3D17-4FAE-B34F-11E52074C5CF}"
EndProject
Project("{FAE04EC0-301F-11D3-BF4B-00C04F79EFBC}") = "TenBillion", "TenBillion\TenBillion.csproj", "{D6B90B04-D14D-4679-ACD5-F84107E82FC9}"
EndProject
Project("{FAE04EC0-301F-11D3-BF4B-00C04F79EFBC}") = "Exercise_4", "Exercise_4\Exercise_4.csproj", "{5A0B291A-7523-46BF-B18C-8A1B49993BD1}"
EndProject
Global
	GlobalSection(SolutionConfigurationPlatforms) = preSolution
		Debug|Any CPU = Debug|Any CPU
		Release|Any CPU = Release|Any CPU
	EndGlobalSection
	GlobalSection(ProjectConfigurationPlatforms) = postSolution
		{5548BA7F-4E51-4FE9-8349-4A2D9964AF53}.Debug|Any CPU.ActiveCfg = Debug|Any CPU
		{5548BA7F-4E51-4FE9-8349-4A2D9964AF53}.Debug|Any CPU.Build.0 = Debug|Any CPU
		{5548BA7F-4E51-4FE9-8349-4A2D9964AF53}.Release|Any CPU.ActiveCfg = Release|Any CPU
		{5548BA7F-4E51-4FE9-8349-4A2D9964AF53}.Release|Any CPU.Build.0 = Release|Any CPU
		{5A28CBBC-3D17-4FAE-B34F-11E52074C5CF}.Debug|Any CPU.ActiveCfg = Debug|Any CPU
		{5A28CBBC-3D17-4FAE-B34F-11E52074C5CF}.Debug|Any CPU.Build.0 = Debug|Any CPU
		{5A28CBBC-3D17-4FAE-B34F-11E52074C5CF}.Release|Any CPU.ActiveCfg = Release|Any CPU
		{5A28CBBC-3D17-4FAE-B34F-11E52074C5CF}.Release|Any CPU.Build.0 = Release|Any CPU
		{D6B90B04-D14D-4679-ACD5-F84107E82FC9}.Debug|Any CPU.ActiveCfg = Debug|Any CPU
		{D6B90B04-D14D-4679-ACD5-F84107E82FC9}.Debug|Any CPU.Build.0 = Debug|Any CPU
		{D6B90B04-D14D-4679-ACD5-F84107E82FC9}.Release|Any CPU.ActiveCfg = Release|Any CPU
		{D6B90B04-D14D-4679-ACD5-F84107E82FC9}.Release|Any CPU.Build.0 = Release|Any CPU
		{5A0B291A-7523-46BF-B18C-8A1B49993BD1}.Debug|Any CPU.ActiveCfg = Debug|Any CPU
		{5A0B291A-7523-46BF-B18C-8A1B49993BD1}.Debug|Any CPU.Build.0 = Debug|Any CPU
		{5A0B291A-7523-46BF-B18C-8A1B49993BD1}.Release|Any CPU.ActiveCfg = Release|Any CPU
		{5A0B291A-7523-46BF-B18C-8A1B49993BD1}.Release|Any CPU.Build.0 = Release|Any CPU
	EndGlobalSection
	GlobalSection(SolutionProperties) = preSolution
		HideSolutionNode = FALSE
	EndGlobalSection
	GlobalSection(ExtensibilityGlobals) = postSolution
		SolutionGuid = {525D21B3-39B0-4E03-8C3C-AF01CD637567}
	EndGlobalSection
EndGlobal
